
Microsoft Visual Studio Solution File, Format Version 12.00
# Visual Studio Version 16
VisualStudioVersion = 16.0.31729.503
MinimumVisualStudioVersion = 10.0.40219.1
Project("{8BC9CEB8-8B4A-11D0-8D11-00A0C91BC942}") = "QtWidgetsApplication3", "QtWidgetsApplication3.vcxproj", "{730E0B8F-7FF4-4425-BBA6-FA47A716ED08}"
EndProject
Global
	GlobalSection(SolutionConfigurationPlatforms) = preSolution
		Debug|x64 = Debug|x64
		Release|x64 = Release|x64
	EndGlobalSection
	GlobalSection(ProjectConfigurationPlatforms) = postSolution
		{730E0B8F-7FF4-4425-BBA6-FA47A716ED08}.Debug|x64.ActiveCfg = Debug|x64
		{730E0B8F-7FF4-4425-BBA6-FA47A716ED08}.Debug|x64.Build.0 = Debug|x64
		{730E0B8F-7FF4-4425-BBA6-FA47A716ED08}.Release|x64.ActiveCfg = Release|x64
		{730E0B8F-7FF4-4425-BBA6-FA47A716ED08}.Release|x64.Build.0 = Release|x64
	EndGlobalSection
	GlobalSection(SolutionProperties) = preSolution
		HideSolutionNode = FALSE
	EndGlobalSection
	GlobalSection(ExtensibilityGlobals) = postSolution
		SolutionGuid = {20525789-3A6C-4BD7-991C-BF08190AEE36}
	EndGlobalSection
EndGlobal
